PODS:
  - TCTracking (0.4.0)

DEPENDENCIES:
  - TCTracking (from `https://github.com/phutttc/TCTracking`)

EXTERNAL SOURCES:
  TCTracking:
    :git: https://github.com/phutttc/TCTracking

CHECKOUT OPTIONS:
  TCTracking:
    :commit: a66333dc1a87576e2c4eb9ec8745d88ffc8a5481
    :git: https://github.com/phutttc/TCTracking

SPEC CHECKSUMS:
  TCTracking: 9e5b551e32c35959755d5756df037be68ec0c7ab

PODFILE CHECKSUM: 606609af2d05baca39e7491bee17422b9c8c18d4

COCOAPODS: 1.12.1
